# This file is automatically @generated by Cargo.
# It is not intended for manual editing.
version = 3

[[package]]
name = "audio_engine"
version = "0.1.0"

[[package]]
name = "audio_engine_run"
version = "0.1.0"

[[package]]
name = "terminal"
version = "0.1.0"

[[package]]
name = "terminal_run"
version = "0.1.0"
